{
  "version": 1,
  "dependencies": {
    "net9.0": {
      "MediatR": {
        "type": "Direct",
        "requested": "[12.5.0, 12.5.0]",
        "resolved": "12.5.0",
        "contentHash": "vqm2H8/nqL5NAJHPhsG1JOPwfkmbVrPyh4svdoRzu+uZh6Ex7PRoHBGsLYC0/RWCEJFqD1ohHNpteQvql9OktA==",
        "dependencies": {
          "MediatR.Contracts": "[2.0.1, 3.0.0)",
          "Microsoft.Extensions.DependencyInjection.Abstractions": "8.0.0"
        }
      },
      "Microsoft.Extensions.DependencyInjection.Abstractions": {
        "type": "Direct",
        "requested": "[9.0.7, )",
        "resolved": "9.0.7",
        "contentHash": "iPK1FxbGFr2Xb+4Y+dTYI8Gupu9pOi8I3JPuPsrogUmEhe2hzZ9LpCmolMEBhVDo2ikcSr7G5zYiwaapHSQTew=="
      },
      "YoutubeDLSharp": {
        "type": "Direct",
        "requested": "[1.1.2, )",
        "resolved": "1.1.2",
        "contentHash": "PYcZLUqayicAHsi9k0Uprkd0I54hCTZ41pbwslT4QE7CwlceXv+gZr5nMKsifPOeYXwzgOvf1YmQF4W4uklzeA==",
        "dependencies": {
          "Newtonsoft.Json": "13.0.3"
        }
      },
      "YoutubeExplode": {
        "type": "Direct",
        "requested": "[6.5.4, )",
        "resolved": "6.5.4",
        "contentHash": "SWMvvvC/xEjkDEnQW28xeBXn0mgB7tsNtXvtcMpxYioyVuUWzsx94oWVQgUZIaT+Zbmvj03LaKIwK9mTGKMZQg==",
        "dependencies": {
          "AngleSharp": "1.2.0"
        }
      },
      "AngleSharp": {
        "type": "Transitive",
        "resolved": "1.2.0",
        "contentHash": "uF/PzSCVcb+b2nqVvHZbOqexoJ9R6QLjonugPf0PQl+0h7YKaFZeXyspctbHe5HGlx7/Iuk5BErtk+t63ac/ZA=="
      },
      "Dapper": {
        "type": "Transitive",
        "resolved": "2.0.123",
        "contentHash": "RDFF4rBLLmbpi6pwkY7q/M6UXHRJEOerplDGE5jwEkP/JGJnBauAClYavNKJPW1yOTWRPIyfj4is3EaJxQXILQ=="
      },
      "Hangfire": {
        "type": "Transitive",
        "resolved": "1.8.20",
        "contentHash": "Q6W4JGbcr1Tg0IGyEg+VLx5OrhEKCIPAYm86RaRd6dpnozi6Ns6e6+71tRHTLMiz5XESf5msnZA61eW+xwZA6Q==",
        "dependencies": {
          "Hangfire.AspNetCore": "[1.8.20]",
          "Hangfire.Core": "[1.8.20]",
          "Hangfire.SqlServer": "[1.8.20]"
        }
      },
      "Hangfire.AspNetCore": {
        "type": "Transitive",
        "resolved": "1.8.20",
        "contentHash": "OoVxOZanKlnpyAuCAYWKGztQHYw6GTQxQD/W3bfOfFsD+8fYp7FEDKbMEsrrMvAtF+gLiY1HNk9xYjUpNnSxGA==",
        "dependencies": {
          "Hangfire.NetCore": "[1.8.20]"
        }
      },
      "Hangfire.Core": {
        "type": "Transitive",
        "resolved": "1.8.20",
        "contentHash": "PSk0daUo3WCcnh89Bydj/xJ+M7GA+eR4nXXD5v/CIBOTCAx+oa3/DNjqLJPC9QHojsKXt0DO6u87aGxCQZ78Og==",
        "dependencies": {
          "Newtonsoft.Json": "11.0.1"
        }
      },
      "Hangfire.NetCore": {
        "type": "Transitive",
        "resolved": "1.8.20",
        "contentHash": "QCMoUaOokUsScJIyyo9SDVaAOpPIaIpBhGzN7M9GgZI9Kzetd7Y+hmFlQUTpROi7bcASIGoTOPnPoqdNA///Rw==",
        "dependencies": {
          "Hangfire.Core": "[1.8.20]",
          "Microsoft.Extensions.DependencyInjection.Abstractions": "3.0.0",
          "Microsoft.Extensions.Hosting.Abstractions": "3.0.0",
          "Microsoft.Extensions.Logging.Abstractions": "3.0.0"
        }
      },
      "Hangfire.PostgreSql": {
        "type": "Transitive",
        "resolved": "1.20.12",
        "contentHash": "KvozigeVgbYSinFmaj5qQWRaBG7ey/S73UP6VLIOPcP1UrZO0/6hSw4jN53TKpWP2UsiMuYONRmQbFDxGAi4ug==",
        "dependencies": {
          "Dapper": "2.0.123",
          "Hangfire.Core": "1.8.0",
          "Microsoft.CSharp": "4.7.0",
          "Npgsql": "6.0.11"
        }
      },
      "Hangfire.SqlServer": {
        "type": "Transitive",
        "resolved": "1.8.20",
        "contentHash": "O+0A2dEf+cbKnJQRxK5jF5c4aLDCOf2+KllYBwjdO82KRVKz0nox8wirWQP/AKW85f4NJ93ZKAEtAWOFk6DLxw==",
        "dependencies": {
          "Hangfire.Core": "[1.8.20]"
        }
      },
      "LinqKit.Core": {
        "type": "Transitive",
        "resolved": "1.2.8",
        "contentHash": "F/ZGutPdat2u+nevwACsp09fT1z+fazu0UlZGVeAPSaGCdf/PuOv4hAyJ+7zCmqpADQLtmw9jEfJVPmgQy/8Cg=="
      },
      "LinqKit.Microsoft.EntityFrameworkCore": {
        "type": "Transitive",
        "resolved": "9.0.8",
        "contentHash": "9qVemq8r7eEih29EMTLCj68PeNq/+ZaLTXT9zPBhSdyOMNsdALzdExymKK3UqSMgJmUyOuzYww+kw2h7HlAvJQ==",
        "dependencies": {
          "LinqKit.Core": "1.2.8",
          "Microsoft.EntityFrameworkCore": "9.0.0"
        }
      },
      "MediatR.Contracts": {
        "type": "Transitive",
        "resolved": "2.0.1",
        "contentHash": "FYv95bNT4UwcNA+G/J1oX5OpRiSUxteXaUt2BJbRSdRNiIUNbggJF69wy6mnk2wYToaanpdXZdCwVylt96MpwQ=="
      },
      "Microsoft.AspNetCore.Authentication.JwtBearer": {
        "type": "Transitive",
        "resolved": "9.0.7",
        "contentHash": "lloN3XvIgXmdocfghzfszOHJb45OYR3fgOg/h536o+zNB2SmP3JrqeOieCBZ7sipgGcgbxP0boA+loVhdsJxWg==",
        "dependencies": {
          "Microsoft.IdentityModel.Protocols.OpenIdConnect": "8.0.1"
        }
      },
      "Microsoft.AspNetCore.Cryptography.Internal": {
        "type": "Transitive",
        "resolved": "9.0.7",
        "contentHash": "5di3GKY/a9ceGAdVk78QFGMO55NrFRN1rnh4xNr7MHjOCOMhgcWkyv9051wkPUDfX+g2cNN6+ckHvNnlxUwc2A=="
      },
      "Microsoft.AspNetCore.Cryptography.KeyDerivation": {
        "type": "Transitive",
        "resolved": "9.0.7",
        "contentHash": "9ms7cTGHBzhCTfC8yIv9KfMrLKsRLg60jGsoZ/oEjoBXbqcEsXcjNtXqaOJCjpeltLDKoePrfSWzjhMUxTHHMA==",
        "dependencies": {
          "Microsoft.AspNetCore.Cryptography.Internal": "9.0.7"
        }
      },
      "Microsoft.AspNetCore.Identity.EntityFrameworkCore": {
        "type": "Transitive",
        "resolved": "9.0.7",
        "contentHash": "tr4JHBgE/wN4Q/iQkWsi0oZXcaM7WFeZ1rpCUeTVka6az3DTtG0+RMuvZvPIq8U8vCANVuzqAcr+uUry4FUKrg==",
        "dependencies": {
          "Microsoft.EntityFrameworkCore.Relational": "9.0.7",
          "Microsoft.Extensions.Identity.Stores": "9.0.7"
        }
      },
      "Microsoft.CSharp": {
        "type": "Transitive",
        "resolved": "4.7.0",
        "contentHash": "pTj+D3uJWyN3My70i2Hqo+OXixq3Os2D1nJ2x92FFo6sk8fYS1m1WLNTs0Dc1uPaViH0YvEEwvzddQ7y4rhXmA=="
      },
      "Microsoft.EntityFrameworkCore": {
        "type": "Transitive",
        "resolved": "9.0.7",
        "contentHash": "PbD0q5ax15r91jD4TN7xbDCjldZSz4JfpYN4ZZjAkWeUyROkV92Ydg0O2/1keFA+2u3KPsDkJMmBKv2zQ06ZVg==",
        "dependencies": {
          "Microsoft.EntityFrameworkCore.Abstractions": "9.0.7",
          "Microsoft.EntityFrameworkCore.Analyzers": "9.0.7",
          "Microsoft.Extensions.Caching.Memory": "9.0.7",
          "Microsoft.Extensions.Logging": "9.0.7"
        }
      },
      "Microsoft.EntityFrameworkCore.Abstractions": {
        "type": "Transitive",
        "resolved": "9.0.7",
        "contentHash": "YUXNerEkCf4OANO+zjuMznpUW7R8XxSCqmBfYhBrbrJVc09i84KkNgeUTaOUXCGogSK/3d7ORRhMqfUobnejBg=="
      },
      "Microsoft.EntityFrameworkCore.Analyzers": {
        "type": "Transitive",
        "resolved": "9.0.7",
        "contentHash": "HqiPjAvjVOsyA1svnjL81/Wk2MRQYMK/lxKVWvw0f5IcA//VcxBepVSAqe7CFirdsPXqe8rFKEwZROWZTz7Jqw=="
      },
      "Microsoft.EntityFrameworkCore.Relational": {
        "type": "Transitive",
        "resolved": "9.0.7",
        "contentHash": "Yo5joquG7L79H5BhtpqP8apu+KFOAYfvmj0dZnVkPElBY14wY5qva0SOcrDWzYw5BrJrhIArfCcJCJHBvMYiKg==",
        "dependencies": {
          "Microsoft.EntityFrameworkCore": "9.0.7",
          "Microsoft.Extensions.Caching.Memory": "9.0.7",
          "Microsoft.Extensions.Configuration.Abstractions": "9.0.7",
          "Microsoft.Extensions.Logging": "9.0.7"
        }
      },
      "Microsoft.Extensions.Caching.Abstractions": {
        "type": "Transitive",
        "resolved": "9.0.7",
        "contentHash": "30necCQehcg9lFkMEIE7HczcoYGML8GUH6jlincA18d896fLZM9wl5tpTPJHgzANQE/6KXRLZSWbgevgg5csSw==",
        "dependencies": {
          "Microsoft.Extensions.Primitives": "9.0.7"
        }
      },
      "Microsoft.Extensions.Caching.Memory": {
        "type": "Transitive",
        "resolved": "9.0.7",
        "contentHash": "nDu6c8fwrHQYccLnWnvyElrdkL3rZ97TZNqL+niMFUcApVBHdpDmKcRvciGymJ4Y0iLDTOo5J2XhDQEbNb+dFg==",
        "dependencies": {
          "Microsoft.Extensions.Caching.Abstractions": "9.0.7",
          "Microsoft.Extensions.DependencyInjection.Abstractions": "9.0.7",
          "Microsoft.Extensions.Logging.Abstractions": "9.0.7",
          "Microsoft.Extensions.Options": "9.0.7",
          "Microsoft.Extensions.Primitives": "9.0.7"
        }
      },
      "Microsoft.Extensions.Configuration.Abstractions": {
        "type": "Transitive",
        "resolved": "9.0.7",
        "contentHash": "lut/kiVvNsQ120VERMUYSFhpXPpKjjql+giy03LesASPBBcC0o6+aoFdzJH9GaYpFTQ3fGVhVjKjvJDoAW5/IQ==",
        "dependencies": {
          "Microsoft.Extensions.Primitives": "9.0.7"
        }
      },
      "Microsoft.Extensions.DependencyInjection": {
        "type": "Transitive",
        "resolved": "9.0.7",
        "contentHash": "i05AYA91vgq0as84ROVCyltD2gnxaba/f1Qw2rG7mUsS0gv8cPTr1Gm7jPQHq7JTr4MJoQUcanLVs16tIOUJaQ==",
        "dependencies": {
          "Microsoft.Extensions.DependencyInjection.Abstractions": "9.0.7"
        }
      },
      "Microsoft.Extensions.FileProviders.Abstractions": {
        "type": "Transitive",
        "resolved": "3.0.0",
        "contentHash": "kahEeykb6FyQytoZNNXuz74X85B4weIEt8Kd+0klK48bkXDWOIHAOvNjlGsPMcS9CL935Te8QGQS83JqCbpdHA==",
        "dependencies": {
          "Microsoft.Extensions.Primitives": "3.0.0"
        }
      },
      "Microsoft.Extensions.Hosting.Abstractions": {
        "type": "Transitive",
        "resolved": "3.0.0",
        "contentHash": "qeDWS5ErmkUN96BdQqpmeCmLk5HJWQ/SPw3ux5v5/Qb0hKZS5wojBMulnBC7JUEiBwg7Ir71Yjf1lFiRT5MdtQ==",
        "dependencies": {
          "Microsoft.Extensions.Configuration.Abstractions": "3.0.0",
          "Microsoft.Extensions.DependencyInjection.Abstractions": "3.0.0",
          "Microsoft.Extensions.FileProviders.Abstractions": "3.0.0",
          "Microsoft.Extensions.Logging.Abstractions": "3.0.0"
        }
      },
      "Microsoft.Extensions.Identity.Core": {
        "type": "Transitive",
        "resolved": "9.0.7",
        "contentHash": "yFMK7yhLYbiwiiKOI/A1rReteRbO4vnN3SPNF5YpUHf6BvSMn5K1TDa7GVszJBH/VmxP0EAsHnSH05GEV0x3cg==",
        "dependencies": {
          "Microsoft.AspNetCore.Cryptography.KeyDerivation": "9.0.7",
          "Microsoft.Extensions.Logging": "9.0.7",
          "Microsoft.Extensions.Options": "9.0.7"
        }
      },
      "Microsoft.Extensions.Identity.Stores": {
        "type": "Transitive",
        "resolved": "9.0.7",
        "contentHash": "mf04+xUV6HCeLROYHZeGSSSIbwXN2taLOcDpSKYO6BawqNOJoBSN9MaQ5vMNrlnH6BnXYPO8S4PuREftqXx5KA==",
        "dependencies": {
          "Microsoft.Extensions.Caching.Abstractions": "9.0.7",
          "Microsoft.Extensions.Identity.Core": "9.0.7",
          "Microsoft.Extensions.Logging": "9.0.7"
        }
      },
      "Microsoft.Extensions.Logging": {
        "type": "Transitive",
        "resolved": "9.0.7",
        "contentHash": "fdIeQpXYV8yxSWG03cCbU2Otdrq4NWuhnQLXokWLv3L9YcK055E7u8WFJvP+uuP4CFeCEoqZQL4yPcjuXhCZrg==",
        "dependencies": {
          "Microsoft.Extensions.DependencyInjection": "9.0.7",
          "Microsoft.Extensions.Logging.Abstractions": "9.0.7",
          "Microsoft.Extensions.Options": "9.0.7"
        }
      },
      "Microsoft.Extensions.Logging.Abstractions": {
        "type": "Transitive",
        "resolved": "9.0.7",
        "contentHash": "sMM6NEAdUTE/elJ2wqjOi0iBWqZmSyaTByLF9e8XHv6DRJFFnOe0N+s8Uc6C91E4SboQCfLswaBIZ+9ZXA98AA==",
        "dependencies": {
          "Microsoft.Extensions.DependencyInjection.Abstractions": "9.0.7"
        }
      },
      "Microsoft.Extensions.Options": {
        "type": "Transitive",
        "resolved": "9.0.7",
        "contentHash": "trJnF6cRWgR5uMmHpGoHmM1wOVFdIYlELlkO9zX+RfieK0321Y55zrcs4AaEymKup7dxgEN/uJU25CAcMNQRXw==",
        "dependencies": {
          "Microsoft.Extensions.DependencyInjection.Abstractions": "9.0.7",
          "Microsoft.Extensions.Primitives": "9.0.7"
        }
      },
      "Microsoft.Extensions.Primitives": {
        "type": "Transitive",
        "resolved": "9.0.7",
        "contentHash": "ti/zD9BuuO50IqlvhWQs9GHxkCmoph5BHjGiWKdg2t6Or8XoyAfRJiKag+uvd/fpASnNklfsB01WpZ4fhAe0VQ=="
      },
      "Microsoft.IdentityModel.Abstractions": {
        "type": "Transitive",
        "resolved": "8.0.1",
        "contentHash": "OtlIWcyX01olfdevPKZdIPfBEvbcioDyBiE/Z2lHsopsMD7twcKtlN9kMevHmI5IIPhFpfwCIiR6qHQz1WHUIw=="
      },
      "Microsoft.IdentityModel.JsonWebTokens": {
        "type": "Transitive",
        "resolved": "8.0.1",
        "contentHash": "s6++gF9x0rQApQzOBbSyp4jUaAlwm+DroKfL8gdOHxs83k8SJfUXhuc46rDB3rNXBQ1MVRxqKUrqFhO/M0E97g==",
        "dependencies": {
          "Microsoft.IdentityModel.Tokens": "8.0.1"
        }
      },
      "Microsoft.IdentityModel.Logging": {
        "type": "Transitive",
        "resolved": "8.0.1",
        "contentHash": "UCPF2exZqBXe7v/6sGNiM6zCQOUXXQ9+v5VTb9gPB8ZSUPnX53BxlN78v2jsbIvK9Dq4GovQxo23x8JgWvm/Qg==",
        "dependencies": {
          "Microsoft.IdentityModel.Abstractions": "8.0.1"
        }
      },
      "Microsoft.IdentityModel.Protocols": {
        "type": "Transitive",
        "resolved": "8.0.1",
        "contentHash": "uA2vpKqU3I2mBBEaeJAWPTjT9v1TZrGWKdgK6G5qJd03CLx83kdiqO9cmiK8/n1erkHzFBwU/RphP83aAe3i3g==",
        "dependencies": {
          "Microsoft.IdentityModel.Tokens": "8.0.1"
        }
      },
      "Microsoft.IdentityModel.Protocols.OpenIdConnect": {
        "type": "Transitive",
        "resolved": "8.0.1",
        "contentHash": "AQDbfpL+yzuuGhO/mQhKNsp44pm5Jv8/BI4KiFXR7beVGZoSH35zMV3PrmcfvSTsyI6qrcR898NzUauD6SRigg==",
        "dependencies": {
          "Microsoft.IdentityModel.Protocols": "8.0.1",
          "System.IdentityModel.Tokens.Jwt": "8.0.1"
        }
      },
      "Microsoft.IdentityModel.Tokens": {
        "type": "Transitive",
        "resolved": "8.0.1",
        "contentHash": "kDimB6Dkd3nkW2oZPDkMkVHfQt3IDqO5gL0oa8WVy3OP4uE8Ij+8TXnqg9TOd9ufjsY3IDiGz7pCUbnfL18tjg==",
        "dependencies": {
          "Microsoft.IdentityModel.Logging": "8.0.1"
        }
      },
      "Newtonsoft.Json": {
        "type": "Transitive",
        "resolved": "13.0.3",
        "contentHash": "HrC5BXdl00IP9zeV+0Z848QWPAoCr9P3bDEZguI+gkLcBKAOxix/tLEAAHC+UvDNPv4a2d18lOReHMOagPa+zQ=="
      },
      "Npgsql": {
        "type": "Transitive",
        "resolved": "6.0.11",
        "contentHash": "ZPpjFpW0m71pqAMIpUdVZUY74TCTqCXrytbFsMvm8IuAadpfV9K1lwphuyDBKCsc3w1i7TH+aevHQ6TZ+b0ZMw==",
        "dependencies": {
          "System.Runtime.CompilerServices.Unsafe": "6.0.0"
        }
      },
      "Riok.Mapperly": {
        "type": "Transitive",
        "resolved": "4.2.1",
        "contentHash": "UZeQSieVlHr48t64J4k2s/lvbMeCXvzsXqV2A/0wyNdPpW8Cyn47+9mfWFJjouPxoSFfEhDbxg+WRbFIHvq4Zw=="
      },
      "SixLabors.ImageSharp": {
        "type": "Transitive",
        "resolved": "3.1.10",
        "contentHash": "R1HEPcqx3v+kvlOTPouP0g/Nzzud9pHtjlgGbFax3Ivaz8kkaGfS2EPfyDGpmfoTUQ3nQ5wxdhYyYa9fwYA9cw=="
      },
      "System.IdentityModel.Tokens.Jwt": {
        "type": "Transitive",
        "resolved": "8.0.1",
        "contentHash": "GJw3bYkWpOgvN3tJo5X4lYUeIFA2HD293FPUhKmp7qxS+g5ywAb34Dnd3cDAFLkcMohy5XTpoaZ4uAHuw0uSPQ==",
        "dependencies": {
          "Microsoft.IdentityModel.JsonWebTokens": "8.0.1",
          "Microsoft.IdentityModel.Tokens": "8.0.1"
        }
      },
      "System.Runtime.CompilerServices.Unsafe": {
        "type": "Transitive",
        "resolved": "6.0.0",
        "contentHash": "/iUeP3tq1S0XdNNoMz5C9twLSrM/TH+qElHkXWaPvuNOt+99G75NrV0OS2EqHx5wMN7popYjpc8oTjC1y16DLg=="
      },
      "rescuetube.core": {
        "type": "Project",
        "dependencies": {
          "Hangfire": "[1.8.20, )",
          "Hangfire.PostgreSql": "[1.20.12, )",
          "LinqKit.Microsoft.EntityFrameworkCore": "[9.0.8, )",
          "MediatR": "[12.5.0, 12.5.0]",
          "Microsoft.AspNetCore.Authentication.JwtBearer": "[9.0.7, )",
          "Microsoft.Extensions.Identity.Core": "[9.0.7, )",
          "RescueTube.Domain": "[1.0.0, )",
          "Riok.Mapperly": "[4.2.1, )",
          "SixLabors.ImageSharp": "[3.1.10, )"
        }
      },
      "rescuetube.domain": {
        "type": "Project",
        "dependencies": {
          "Microsoft.AspNetCore.Identity.EntityFrameworkCore": "[9.0.7, )"
        }
      }
    }
  }
}