<Solution>
  <Folder Name="/App/">
    <Project Path="RescueTube.Analyzers/RescueTube.Analyzers.csproj" />
    <Project Path="RescueTube.Core/RescueTube.Core.csproj" />
    <Project Path="RescueTube.DAL.EF.Postgres/RescueTube.DAL.EF.Postgres.csproj" />
    <Project Path="RescueTube.DAL.EF/RescueTube.DAL.EF.csproj" />
    <Project Path="RescueTube.Domain/RescueTube.Domain.csproj" />
    <Project Path="RescueTube.SourceGeneration/RescueTube.SourceGeneration.csproj" />
    <Project Path="RescueTube.WebApi/RescueTube.WebApi.csproj" />
    <Project Path="RescueTube.YouTube/RescueTube.YouTube.csproj" />
  </Folder>
  <Folder Name="/SolutionItems/">
    <File Path=".gitignore" />
    <File Path="Directory.Build.props" />
    <File Path="docker-compose.yml" />
    <File Path="README.md" />
  </Folder>
  <Folder Name="/Tests/">
    <Project Path="Tests/RescueTube.Tests/RescueTube.Tests.csproj" />
  </Folder>
</Solution>
