
Microsoft Visual Studio Solution File, Format Version 12.00
Project("{FAE04EC0-301F-11D3-BF4B-00C04F79EFBC}") = "WebApp", "WebApp\WebApp.csproj", "{04A3610A-CD2D-4D44-BA26-EEE0BEB6B1CA}"
EndProject
Project("{FAE04EC0-301F-11D3-BF4B-00C04F79EFBC}") = "Public.DTO", "Public.DTO\Public.DTO.csproj", "{CB3041BF-339F-4996-9606-1137B9712BA4}"
EndProject
Project("{FAE04EC0-301F-11D3-BF4B-00C04F79EFBC}") = "DAL.Contracts", "DAL.Contracts\DAL.Contracts.csproj", "{E5F4B711-FBC6-431A-BC2B-69A8C5440114}"
EndProject
Project("{FAE04EC0-301F-11D3-BF4B-00C04F79EFBC}") = "DAL.EF", "DAL.EF\DAL.EF.csproj", "{BFAE2818-603F-4DAA-96C8-B007DEDB6B96}"
EndProject
Project("{FAE04EC0-301F-11D3-BF4B-00C04F79EFBC}") = "Domain", "Domain\Domain.csproj", "{8E9CC52D-83A4-451E-A73F-FCDE8CEBE8A9}"
EndProject
Project("{2150E333-8FDC-42A3-9474-1A3956D46DE8}") = "SolutionItems", "SolutionItems", "{D968AB42-5ED9-4532-A7D9-F4791AADA1AB}"
	ProjectSection(SolutionItems) = preProject
		Directory.Build.props = Directory.Build.props
		README.md = README.md
		.gitignore = .gitignore
		docker-compose.yml = docker-compose.yml
	EndProjectSection
EndProject
Project("{2150E333-8FDC-42A3-9474-1A3956D46DE8}") = "App", "App", "{C39C5658-9F3A-4D92-B432-FC7DF0CAC522}"
EndProject
Project("{2150E333-8FDC-42A3-9474-1A3956D46DE8}") = "Base", "Base", "{970C6505-456A-49FA-8BA7-2E71A17B2472}"
EndProject
Project("{2150E333-8FDC-42A3-9474-1A3956D46DE8}") = "Contracts", "Contracts", "{1AF41D8A-FC98-4B59-AF01-8BB78BF59768}"
EndProject
Project("{FAE04EC0-301F-11D3-BF4B-00C04F79EFBC}") = "Contracts.Domain", "Contracts.Domain\Contracts.Domain.csproj", "{277ADC8E-407F-4E83-A0F9-D17933A5ADBD}"
EndProject
Project("{FAE04EC0-301F-11D3-BF4B-00C04F79EFBC}") = "Base.Domain", "Base.Domain\Base.Domain.csproj", "{24433435-529E-4B81-8805-9856CA266480}"
EndProject
Project("{FAE04EC0-301F-11D3-BF4B-00C04F79EFBC}") = "BLL.DTO", "BLL.DTO\BLL.DTO.csproj", "{6C1B1590-5A85-468E-8F1D-135EBDDEFB75}"
EndProject
Project("{FAE04EC0-301F-11D3-BF4B-00C04F79EFBC}") = "BLL", "BLL\BLL.csproj", "{230D59ED-70C4-4146-8374-9010FBE3C923}"
EndProject
Project("{FAE04EC0-301F-11D3-BF4B-00C04F79EFBC}") = "ConfigDefaults", "ConfigDefaults\ConfigDefaults.csproj", "{B91787B8-C110-48D9-96EF-8F2837DA8F29}"
EndProject
Project("{FAE04EC0-301F-11D3-BF4B-00C04F79EFBC}") = "Validation", "Validation\Validation.csproj", "{74D24DED-A0C2-4A58-9CDE-FE6AF376BD4A}"
EndProject
Project("{2150E333-8FDC-42A3-9474-1A3956D46DE8}") = "Tests", "Tests", "{D609D4D8-2F45-40DB-BD03-00EBC986DE05}"
EndProject
Project("{FAE04EC0-301F-11D3-BF4B-00C04F79EFBC}") = "BLL.Contracts", "BLL.Contracts\BLL.Contracts.csproj", "{0CF9AAA5-75ED-443A-87A0-3192A779B62B}"
EndProject
Global
	GlobalSection(SolutionConfigurationPlatforms) = preSolution
		Debug|Any CPU = Debug|Any CPU
		Release|Any CPU = Release|Any CPU
	EndGlobalSection
	GlobalSection(ProjectConfigurationPlatforms) = postSolution
		{04A3610A-CD2D-4D44-BA26-EEE0BEB6B1CA}.Debug|Any CPU.ActiveCfg = Debug|Any CPU
		{04A3610A-CD2D-4D44-BA26-EEE0BEB6B1CA}.Debug|Any CPU.Build.0 = Debug|Any CPU
		{04A3610A-CD2D-4D44-BA26-EEE0BEB6B1CA}.Release|Any CPU.ActiveCfg = Release|Any CPU
		{04A3610A-CD2D-4D44-BA26-EEE0BEB6B1CA}.Release|Any CPU.Build.0 = Release|Any CPU
		{CB3041BF-339F-4996-9606-1137B9712BA4}.Debug|Any CPU.ActiveCfg = Debug|Any CPU
		{CB3041BF-339F-4996-9606-1137B9712BA4}.Debug|Any CPU.Build.0 = Debug|Any CPU
		{CB3041BF-339F-4996-9606-1137B9712BA4}.Release|Any CPU.ActiveCfg = Release|Any CPU
		{CB3041BF-339F-4996-9606-1137B9712BA4}.Release|Any CPU.Build.0 = Release|Any CPU
		{E5F4B711-FBC6-431A-BC2B-69A8C5440114}.Debug|Any CPU.ActiveCfg = Debug|Any CPU
		{E5F4B711-FBC6-431A-BC2B-69A8C5440114}.Debug|Any CPU.Build.0 = Debug|Any CPU
		{E5F4B711-FBC6-431A-BC2B-69A8C5440114}.Release|Any CPU.ActiveCfg = Release|Any CPU
		{E5F4B711-FBC6-431A-BC2B-69A8C5440114}.Release|Any CPU.Build.0 = Release|Any CPU
		{BFAE2818-603F-4DAA-96C8-B007DEDB6B96}.Debug|Any CPU.ActiveCfg = Debug|Any CPU
		{BFAE2818-603F-4DAA-96C8-B007DEDB6B96}.Debug|Any CPU.Build.0 = Debug|Any CPU
		{BFAE2818-603F-4DAA-96C8-B007DEDB6B96}.Release|Any CPU.ActiveCfg = Release|Any CPU
		{BFAE2818-603F-4DAA-96C8-B007DEDB6B96}.Release|Any CPU.Build.0 = Release|Any CPU
		{8E9CC52D-83A4-451E-A73F-FCDE8CEBE8A9}.Debug|Any CPU.ActiveCfg = Debug|Any CPU
		{8E9CC52D-83A4-451E-A73F-FCDE8CEBE8A9}.Debug|Any CPU.Build.0 = Debug|Any CPU
		{8E9CC52D-83A4-451E-A73F-FCDE8CEBE8A9}.Release|Any CPU.ActiveCfg = Release|Any CPU
		{8E9CC52D-83A4-451E-A73F-FCDE8CEBE8A9}.Release|Any CPU.Build.0 = Release|Any CPU
		{277ADC8E-407F-4E83-A0F9-D17933A5ADBD}.Debug|Any CPU.ActiveCfg = Debug|Any CPU
		{277ADC8E-407F-4E83-A0F9-D17933A5ADBD}.Debug|Any CPU.Build.0 = Debug|Any CPU
		{277ADC8E-407F-4E83-A0F9-D17933A5ADBD}.Release|Any CPU.ActiveCfg = Release|Any CPU
		{277ADC8E-407F-4E83-A0F9-D17933A5ADBD}.Release|Any CPU.Build.0 = Release|Any CPU
		{24433435-529E-4B81-8805-9856CA266480}.Debug|Any CPU.ActiveCfg = Debug|Any CPU
		{24433435-529E-4B81-8805-9856CA266480}.Debug|Any CPU.Build.0 = Debug|Any CPU
		{24433435-529E-4B81-8805-9856CA266480}.Release|Any CPU.ActiveCfg = Release|Any CPU
		{24433435-529E-4B81-8805-9856CA266480}.Release|Any CPU.Build.0 = Release|Any CPU
		{6C1B1590-5A85-468E-8F1D-135EBDDEFB75}.Debug|Any CPU.ActiveCfg = Debug|Any CPU
		{6C1B1590-5A85-468E-8F1D-135EBDDEFB75}.Debug|Any CPU.Build.0 = Debug|Any CPU
		{6C1B1590-5A85-468E-8F1D-135EBDDEFB75}.Release|Any CPU.ActiveCfg = Release|Any CPU
		{6C1B1590-5A85-468E-8F1D-135EBDDEFB75}.Release|Any CPU.Build.0 = Release|Any CPU
		{230D59ED-70C4-4146-8374-9010FBE3C923}.Debug|Any CPU.ActiveCfg = Debug|Any CPU
		{230D59ED-70C4-4146-8374-9010FBE3C923}.Debug|Any CPU.Build.0 = Debug|Any CPU
		{230D59ED-70C4-4146-8374-9010FBE3C923}.Release|Any CPU.ActiveCfg = Release|Any CPU
		{230D59ED-70C4-4146-8374-9010FBE3C923}.Release|Any CPU.Build.0 = Release|Any CPU
		{B91787B8-C110-48D9-96EF-8F2837DA8F29}.Debug|Any CPU.ActiveCfg = Debug|Any CPU
		{B91787B8-C110-48D9-96EF-8F2837DA8F29}.Debug|Any CPU.Build.0 = Debug|Any CPU
		{B91787B8-C110-48D9-96EF-8F2837DA8F29}.Release|Any CPU.ActiveCfg = Release|Any CPU
		{B91787B8-C110-48D9-96EF-8F2837DA8F29}.Release|Any CPU.Build.0 = Release|Any CPU
		{74D24DED-A0C2-4A58-9CDE-FE6AF376BD4A}.Debug|Any CPU.ActiveCfg = Debug|Any CPU
		{74D24DED-A0C2-4A58-9CDE-FE6AF376BD4A}.Debug|Any CPU.Build.0 = Debug|Any CPU
		{74D24DED-A0C2-4A58-9CDE-FE6AF376BD4A}.Release|Any CPU.ActiveCfg = Release|Any CPU
		{74D24DED-A0C2-4A58-9CDE-FE6AF376BD4A}.Release|Any CPU.Build.0 = Release|Any CPU
		{0CF9AAA5-75ED-443A-87A0-3192A779B62B}.Debug|Any CPU.ActiveCfg = Debug|Any CPU
		{0CF9AAA5-75ED-443A-87A0-3192A779B62B}.Debug|Any CPU.Build.0 = Debug|Any CPU
		{0CF9AAA5-75ED-443A-87A0-3192A779B62B}.Release|Any CPU.ActiveCfg = Release|Any CPU
		{0CF9AAA5-75ED-443A-87A0-3192A779B62B}.Release|Any CPU.Build.0 = Release|Any CPU
	EndGlobalSection
	GlobalSection(NestedProjects) = preSolution
		{E5F4B711-FBC6-431A-BC2B-69A8C5440114} = {C39C5658-9F3A-4D92-B432-FC7DF0CAC522}
		{BFAE2818-603F-4DAA-96C8-B007DEDB6B96} = {C39C5658-9F3A-4D92-B432-FC7DF0CAC522}
		{8E9CC52D-83A4-451E-A73F-FCDE8CEBE8A9} = {C39C5658-9F3A-4D92-B432-FC7DF0CAC522}
		{CB3041BF-339F-4996-9606-1137B9712BA4} = {C39C5658-9F3A-4D92-B432-FC7DF0CAC522}
		{04A3610A-CD2D-4D44-BA26-EEE0BEB6B1CA} = {C39C5658-9F3A-4D92-B432-FC7DF0CAC522}
		{1AF41D8A-FC98-4B59-AF01-8BB78BF59768} = {970C6505-456A-49FA-8BA7-2E71A17B2472}
		{277ADC8E-407F-4E83-A0F9-D17933A5ADBD} = {1AF41D8A-FC98-4B59-AF01-8BB78BF59768}
		{24433435-529E-4B81-8805-9856CA266480} = {970C6505-456A-49FA-8BA7-2E71A17B2472}
		{6C1B1590-5A85-468E-8F1D-135EBDDEFB75} = {C39C5658-9F3A-4D92-B432-FC7DF0CAC522}
		{230D59ED-70C4-4146-8374-9010FBE3C923} = {C39C5658-9F3A-4D92-B432-FC7DF0CAC522}
		{B91787B8-C110-48D9-96EF-8F2837DA8F29} = {C39C5658-9F3A-4D92-B432-FC7DF0CAC522}
		{0CF9AAA5-75ED-443A-87A0-3192A779B62B} = {C39C5658-9F3A-4D92-B432-FC7DF0CAC522}
	EndGlobalSection
EndGlobal
